
Microsoft Visual Studio Solution File, Format Version 12.00
# Visual Studio 15
VisualStudioVersion = 15.0.36617.4
MinimumVisualStudioVersion = 10.0.40219.1
Project("{FAE04EC0-301F-11D3-BF4B-00C04F79EFBC}") = "Cinema", "Cinema\Cinema.csproj", "{B0DF9A45-66C7-46B2-AF3B-097A16962A8C}"
EndProject
Global
	GlobalSection(SolutionConfigurationPlatforms) = preSolution
		Debug|Any CPU = Debug|Any CPU
		Release|Any CPU = Release|Any CPU
	EndGlobalSection
	GlobalSection(ProjectConfigurationPlatforms) = postSolution
		{B0DF9A45-66C7-46B2-AF3B-097A16962A8C}.Debug|Any CPU.ActiveCfg = Debug|Any CPU
		{B0DF9A45-66C7-46B2-AF3B-097A16962A8C}.Debug|Any CPU.Build.0 = Debug|Any CPU
		{B0DF9A45-66C7-46B2-AF3B-097A16962A8C}.Release|Any CPU.ActiveCfg = Release|Any CPU
		{B0DF9A45-66C7-46B2-AF3B-097A16962A8C}.Release|Any CPU.Build.0 = Release|Any CPU
	EndGlobalSection
	GlobalSection(SolutionProperties) = preSolution
		HideSolutionNode = FALSE
	EndGlobalSection
	GlobalSection(ExtensibilityGlobals) = postSolution
		SolutionGuid = {9CBB15F8-611A-4CAE-9BA3-0D4697E30B6A}
	EndGlobalSection
EndGlobal
